
Microsoft Visual Studio Solution File, Format Version 12.00
# Visual Studio Version 17
VisualStudioVersion = 17.0.31903.59
MinimumVisualStudioVersion = 10.0.40219.1
Project("{9A19103F-16F7-4668-BE54-9A1E7A4F7556}") = "FNAGame1", "FNAGame1\FNAGame1.csproj", "{ABA16D12-3AC7-4EFC-9F75-3AB83166193B}"
EndProject
Project("{FAE04EC0-301F-11D3-BF4B-00C04F79EFBC}") = "FNA.NET", "FNA\FNA.NET.csproj", "{1C3899FB-4E5E-4871-A98F-2313DDD9F646}"
EndProject
Project("{FAE04EC0-301F-11D3-BF4B-00C04F79EFBC}") = "FNAWinGame1", "FNAWinGame1\FNAWinGame1.csproj", "{FE6D9CE0-8FB8-50B1-6AF2-4071371DA443}"
EndProject
Project("{FAE04EC0-301F-11D3-BF4B-00C04F79EFBC}") = "AndroidGame1", "AndroidGame1\AndroidGame1.csproj", "{E6047772-D023-2DC7-AC52-3CFE289978E8}"
EndProject
Project("{FAE04EC0-301F-11D3-BF4B-00C04F79EFBC}") = "FNAImGuiDemo", "FNAImGuiDemo\FNAImGuiDemo.csproj", "{378C4A05-F462-6D48-D49E-A87C1EAD38EA}"
EndProject
Project("{FAE04EC0-301F-11D3-BF4B-00C04F79EFBC}") = "iOSGame1", "iOSGame1\iOSGame1.csproj", "{B87BAFF7-38BB-4FE4-B392-C55B2C4DB2E6}"
EndProject
Project("{FAE04EC0-301F-11D3-BF4B-00C04F79EFBC}") = "tvOSGame1", "tvOSGame1\tvOSGame1.csproj", "{0E174728-701C-4FC7-BF31-5E9E60818714}"
EndProject
Project("{FAE04EC0-301F-11D3-BF4B-00C04F79EFBC}") = "UWPGame1", "UWPGame1\UWPGame1.csproj", "{616BB47C-DED2-420F-9CD4-EE408694D064}"
EndProject
Global
	GlobalSection(SolutionConfigurationPlatforms) = preSolution
		Debug|Any CPU = Debug|Any CPU
		Debug|ARM = Debug|ARM
		Debug|ARM64 = Debug|ARM64
		Debug|x64 = Debug|x64
		Debug|x86 = Debug|x86
		Release|Any CPU = Release|Any CPU
		Release|ARM = Release|ARM
		Release|ARM64 = Release|ARM64
		Release|x64 = Release|x64
		Release|x86 = Release|x86
	EndGlobalSection
	GlobalSection(ProjectConfigurationPlatforms) = postSolution
		{ABA16D12-3AC7-4EFC-9F75-3AB83166193B}.Debug|Any CPU.ActiveCfg = Debug|Any CPU
		{ABA16D12-3AC7-4EFC-9F75-3AB83166193B}.Debug|Any CPU.Build.0 = Debug|Any CPU
		{ABA16D12-3AC7-4EFC-9F75-3AB83166193B}.Debug|ARM.ActiveCfg = Debug|Any CPU
		{ABA16D12-3AC7-4EFC-9F75-3AB83166193B}.Debug|ARM.Build.0 = Debug|Any CPU
		{ABA16D12-3AC7-4EFC-9F75-3AB83166193B}.Debug|ARM64.ActiveCfg = Debug|Any CPU
		{ABA16D12-3AC7-4EFC-9F75-3AB83166193B}.Debug|ARM64.Build.0 = Debug|Any CPU
		{ABA16D12-3AC7-4EFC-9F75-3AB83166193B}.Debug|x64.ActiveCfg = Debug|Any CPU
		{ABA16D12-3AC7-4EFC-9F75-3AB83166193B}.Debug|x64.Build.0 = Debug|Any CPU
		{ABA16D12-3AC7-4EFC-9F75-3AB83166193B}.Debug|x86.ActiveCfg = Debug|Any CPU
		{ABA16D12-3AC7-4EFC-9F75-3AB83166193B}.Debug|x86.Build.0 = Debug|Any CPU
		{ABA16D12-3AC7-4EFC-9F75-3AB83166193B}.Release|Any CPU.ActiveCfg = Release|Any CPU
		{ABA16D12-3AC7-4EFC-9F75-3AB83166193B}.Release|Any CPU.Build.0 = Release|Any CPU
		{ABA16D12-3AC7-4EFC-9F75-3AB83166193B}.Release|ARM.ActiveCfg = Release|Any CPU
		{ABA16D12-3AC7-4EFC-9F75-3AB83166193B}.Release|ARM.Build.0 = Release|Any CPU
		{ABA16D12-3AC7-4EFC-9F75-3AB83166193B}.Release|ARM64.ActiveCfg = Release|Any CPU
		{ABA16D12-3AC7-4EFC-9F75-3AB83166193B}.Release|ARM64.Build.0 = Release|Any CPU
		{ABA16D12-3AC7-4EFC-9F75-3AB83166193B}.Release|x64.ActiveCfg = Release|Any CPU
		{ABA16D12-3AC7-4EFC-9F75-3AB83166193B}.Release|x64.Build.0 = Release|Any CPU
		{ABA16D12-3AC7-4EFC-9F75-3AB83166193B}.Release|x86.ActiveCfg = Release|Any CPU
		{ABA16D12-3AC7-4EFC-9F75-3AB83166193B}.Release|x86.Build.0 = Release|Any CPU
		{1C3899FB-4E5E-4871-A98F-2313DDD9F646}.Debug|Any CPU.ActiveCfg = Debug|Any CPU
		{1C3899FB-4E5E-4871-A98F-2313DDD9F646}.Debug|Any CPU.Build.0 = Debug|Any CPU
		{1C3899FB-4E5E-4871-A98F-2313DDD9F646}.Debug|ARM.ActiveCfg = Debug|Any CPU
		{1C3899FB-4E5E-4871-A98F-2313DDD9F646}.Debug|ARM.Build.0 = Debug|Any CPU
		{1C3899FB-4E5E-4871-A98F-2313DDD9F646}.Debug|ARM64.ActiveCfg = Debug|Any CPU
		{1C3899FB-4E5E-4871-A98F-2313DDD9F646}.Debug|ARM64.Build.0 = Debug|Any CPU
		{1C3899FB-4E5E-4871-A98F-2313DDD9F646}.Debug|x64.ActiveCfg = Debug|Any CPU
		{1C3899FB-4E5E-4871-A98F-2313DDD9F646}.Debug|x64.Build.0 = Debug|Any CPU
		{1C3899FB-4E5E-4871-A98F-2313DDD9F646}.Debug|x86.ActiveCfg = Debug|Any CPU
		{1C3899FB-4E5E-4871-A98F-2313DDD9F646}.Debug|x86.Build.0 = Debug|Any CPU
		{1C3899FB-4E5E-4871-A98F-2313DDD9F646}.Release|Any CPU.ActiveCfg = Release|Any CPU
		{1C3899FB-4E5E-4871-A98F-2313DDD9F646}.Release|Any CPU.Build.0 = Release|Any CPU
		{1C3899FB-4E5E-4871-A98F-2313DDD9F646}.Release|ARM.ActiveCfg = Release|Any CPU
		{1C3899FB-4E5E-4871-A98F-2313DDD9F646}.Release|ARM.Build.0 = Release|Any CPU
		{1C3899FB-4E5E-4871-A98F-2313DDD9F646}.Release|ARM64.ActiveCfg = Release|Any CPU
		{1C3899FB-4E5E-4871-A98F-2313DDD9F646}.Release|ARM64.Build.0 = Release|Any CPU
		{1C3899FB-4E5E-4871-A98F-2313DDD9F646}.Release|x64.ActiveCfg = Release|Any CPU
		{1C3899FB-4E5E-4871-A98F-2313DDD9F646}.Release|x64.Build.0 = Release|Any CPU
		{1C3899FB-4E5E-4871-A98F-2313DDD9F646}.Release|x86.ActiveCfg = Release|Any CPU
		{1C3899FB-4E5E-4871-A98F-2313DDD9F646}.Release|x86.Build.0 = Release|Any CPU
		{FE6D9CE0-8FB8-50B1-6AF2-4071371DA443}.Debug|Any CPU.ActiveCfg = Debug|Any CPU
		{FE6D9CE0-8FB8-50B1-6AF2-4071371DA443}.Debug|Any CPU.Build.0 = Debug|Any CPU
		{FE6D9CE0-8FB8-50B1-6AF2-4071371DA443}.Debug|ARM.ActiveCfg = Debug|Any CPU
		{FE6D9CE0-8FB8-50B1-6AF2-4071371DA443}.Debug|ARM.Build.0 = Debug|Any CPU
		{FE6D9CE0-8FB8-50B1-6AF2-4071371DA443}.Debug|ARM64.ActiveCfg = Debug|Any CPU
		{FE6D9CE0-8FB8-50B1-6AF2-4071371DA443}.Debug|ARM64.Build.0 = Debug|Any CPU
		{FE6D9CE0-8FB8-50B1-6AF2-4071371DA443}.Debug|x64.ActiveCfg = Debug|Any CPU
		{FE6D9CE0-8FB8-50B1-6AF2-4071371DA443}.Debug|x64.Build.0 = Debug|Any CPU
		{FE6D9CE0-8FB8-50B1-6AF2-4071371DA443}.Debug|x86.ActiveCfg = Debug|Any CPU
		{FE6D9CE0-8FB8-50B1-6AF2-4071371DA443}.Debug|x86.Build.0 = Debug|Any CPU
		{FE6D9CE0-8FB8-50B1-6AF2-4071371DA443}.Release|Any CPU.ActiveCfg = Release|Any CPU
		{FE6D9CE0-8FB8-50B1-6AF2-4071371DA443}.Release|Any CPU.Build.0 = Release|Any CPU
		{FE6D9CE0-8FB8-50B1-6AF2-4071371DA443}.Release|ARM.ActiveCfg = Release|Any CPU
		{FE6D9CE0-8FB8-50B1-6AF2-4071371DA443}.Release|ARM.Build.0 = Release|Any CPU
		{FE6D9CE0-8FB8-50B1-6AF2-4071371DA443}.Release|ARM64.ActiveCfg = Release|Any CPU
		{FE6D9CE0-8FB8-50B1-6AF2-4071371DA443}.Release|ARM64.Build.0 = Release|Any CPU
		{FE6D9CE0-8FB8-50B1-6AF2-4071371DA443}.Release|x64.ActiveCfg = Release|Any CPU
		{FE6D9CE0-8FB8-50B1-6AF2-4071371DA443}.Release|x64.Build.0 = Release|Any CPU
		{FE6D9CE0-8FB8-50B1-6AF2-4071371DA443}.Release|x86.ActiveCfg = Release|Any CPU
		{FE6D9CE0-8FB8-50B1-6AF2-4071371DA443}.Release|x86.Build.0 = Release|Any CPU
		{E6047772-D023-2DC7-AC52-3CFE289978E8}.Debug|Any CPU.ActiveCfg = Debug|Any CPU
		{E6047772-D023-2DC7-AC52-3CFE289978E8}.Debug|Any CPU.Build.0 = Debug|Any CPU
		{E6047772-D023-2DC7-AC52-3CFE289978E8}.Debug|Any CPU.Deploy.0 = Debug|Any CPU
		{E6047772-D023-2DC7-AC52-3CFE289978E8}.Debug|ARM.ActiveCfg = Debug|Any CPU
		{E6047772-D023-2DC7-AC52-3CFE289978E8}.Debug|ARM.Build.0 = Debug|Any CPU
		{E6047772-D023-2DC7-AC52-3CFE289978E8}.Debug|ARM.Deploy.0 = Debug|Any CPU
		{E6047772-D023-2DC7-AC52-3CFE289978E8}.Debug|ARM64.ActiveCfg = Debug|Any CPU
		{E6047772-D023-2DC7-AC52-3CFE289978E8}.Debug|ARM64.Build.0 = Debug|Any CPU
		{E6047772-D023-2DC7-AC52-3CFE289978E8}.Debug|ARM64.Deploy.0 = Debug|Any CPU
		{E6047772-D023-2DC7-AC52-3CFE289978E8}.Debug|x64.ActiveCfg = Debug|Any CPU
		{E6047772-D023-2DC7-AC52-3CFE289978E8}.Debug|x64.Build.0 = Debug|Any CPU
		{E6047772-D023-2DC7-AC52-3CFE289978E8}.Debug|x64.Deploy.0 = Debug|Any CPU
		{E6047772-D023-2DC7-AC52-3CFE289978E8}.Debug|x86.ActiveCfg = Debug|Any CPU
		{E6047772-D023-2DC7-AC52-3CFE289978E8}.Debug|x86.Build.0 = Debug|Any CPU
		{E6047772-D023-2DC7-AC52-3CFE289978E8}.Debug|x86.Deploy.0 = Debug|Any CPU
		{E6047772-D023-2DC7-AC52-3CFE289978E8}.Release|Any CPU.ActiveCfg = Release|Any CPU
		{E6047772-D023-2DC7-AC52-3CFE289978E8}.Release|Any CPU.Build.0 = Release|Any CPU
		{E6047772-D023-2DC7-AC52-3CFE289978E8}.Release|Any CPU.Deploy.0 = Release|Any CPU
		{E6047772-D023-2DC7-AC52-3CFE289978E8}.Release|ARM.ActiveCfg = Release|Any CPU
		{E6047772-D023-2DC7-AC52-3CFE289978E8}.Release|ARM.Build.0 = Release|Any CPU
		{E6047772-D023-2DC7-AC52-3CFE289978E8}.Release|ARM.Deploy.0 = Release|Any CPU
		{E6047772-D023-2DC7-AC52-3CFE289978E8}.Release|ARM64.ActiveCfg = Release|Any CPU
		{E6047772-D023-2DC7-AC52-3CFE289978E8}.Release|ARM64.Build.0 = Release|Any CPU
		{E6047772-D023-2DC7-AC52-3CFE289978E8}.Release|ARM64.Deploy.0 = Release|Any CPU
		{E6047772-D023-2DC7-AC52-3CFE289978E8}.Release|x64.ActiveCfg = Release|Any CPU
		{E6047772-D023-2DC7-AC52-3CFE289978E8}.Release|x64.Build.0 = Release|Any CPU
		{E6047772-D023-2DC7-AC52-3CFE289978E8}.Release|x64.Deploy.0 = Release|Any CPU
		{E6047772-D023-2DC7-AC52-3CFE289978E8}.Release|x86.ActiveCfg = Release|Any CPU
		{E6047772-D023-2DC7-AC52-3CFE289978E8}.Release|x86.Build.0 = Release|Any CPU
		{E6047772-D023-2DC7-AC52-3CFE289978E8}.Release|x86.Deploy.0 = Release|Any CPU
		{378C4A05-F462-6D48-D49E-A87C1EAD38EA}.Debug|Any CPU.ActiveCfg = Debug|Any CPU
		{378C4A05-F462-6D48-D49E-A87C1EAD38EA}.Debug|Any CPU.Build.0 = Debug|Any CPU
		{378C4A05-F462-6D48-D49E-A87C1EAD38EA}.Debug|ARM.ActiveCfg = Debug|Any CPU
		{378C4A05-F462-6D48-D49E-A87C1EAD38EA}.Debug|ARM.Build.0 = Debug|Any CPU
		{378C4A05-F462-6D48-D49E-A87C1EAD38EA}.Debug|ARM64.ActiveCfg = Debug|Any CPU
		{378C4A05-F462-6D48-D49E-A87C1EAD38EA}.Debug|ARM64.Build.0 = Debug|Any CPU
		{378C4A05-F462-6D48-D49E-A87C1EAD38EA}.Debug|x64.ActiveCfg = Debug|Any CPU
		{378C4A05-F462-6D48-D49E-A87C1EAD38EA}.Debug|x64.Build.0 = Debug|Any CPU
		{378C4A05-F462-6D48-D49E-A87C1EAD38EA}.Debug|x86.ActiveCfg = Debug|Any CPU
		{378C4A05-F462-6D48-D49E-A87C1EAD38EA}.Debug|x86.Build.0 = Debug|Any CPU
		{378C4A05-F462-6D48-D49E-A87C1EAD38EA}.Release|Any CPU.ActiveCfg = Release|Any CPU
		{378C4A05-F462-6D48-D49E-A87C1EAD38EA}.Release|Any CPU.Build.0 = Release|Any CPU
		{378C4A05-F462-6D48-D49E-A87C1EAD38EA}.Release|ARM.ActiveCfg = Release|Any CPU
		{378C4A05-F462-6D48-D49E-A87C1EAD38EA}.Release|ARM.Build.0 = Release|Any CPU
		{378C4A05-F462-6D48-D49E-A87C1EAD38EA}.Release|ARM64.ActiveCfg = Release|Any CPU
		{378C4A05-F462-6D48-D49E-A87C1EAD38EA}.Release|ARM64.Build.0 = Release|Any CPU
		{378C4A05-F462-6D48-D49E-A87C1EAD38EA}.Release|x64.ActiveCfg = Release|Any CPU
		{378C4A05-F462-6D48-D49E-A87C1EAD38EA}.Release|x64.Build.0 = Release|Any CPU
		{378C4A05-F462-6D48-D49E-A87C1EAD38EA}.Release|x86.ActiveCfg = Release|Any CPU
		{378C4A05-F462-6D48-D49E-A87C1EAD38EA}.Release|x86.Build.0 = Release|Any CPU
		{B87BAFF7-38BB-4FE4-B392-C55B2C4DB2E6}.Debug|Any CPU.ActiveCfg = Debug|Any CPU
		{B87BAFF7-38BB-4FE4-B392-C55B2C4DB2E6}.Debug|Any CPU.Build.0 = Debug|Any CPU
		{B87BAFF7-38BB-4FE4-B392-C55B2C4DB2E6}.Debug|ARM.ActiveCfg = Debug|Any CPU
		{B87BAFF7-38BB-4FE4-B392-C55B2C4DB2E6}.Debug|ARM.Build.0 = Debug|Any CPU
		{B87BAFF7-38BB-4FE4-B392-C55B2C4DB2E6}.Debug|ARM64.ActiveCfg = Debug|Any CPU
		{B87BAFF7-38BB-4FE4-B392-C55B2C4DB2E6}.Debug|ARM64.Build.0 = Debug|Any CPU
		{B87BAFF7-38BB-4FE4-B392-C55B2C4DB2E6}.Debug|x64.ActiveCfg = Debug|Any CPU
		{B87BAFF7-38BB-4FE4-B392-C55B2C4DB2E6}.Debug|x64.Build.0 = Debug|Any CPU
		{B87BAFF7-38BB-4FE4-B392-C55B2C4DB2E6}.Debug|x86.ActiveCfg = Debug|Any CPU
		{B87BAFF7-38BB-4FE4-B392-C55B2C4DB2E6}.Debug|x86.Build.0 = Debug|Any CPU
		{B87BAFF7-38BB-4FE4-B392-C55B2C4DB2E6}.Release|Any CPU.ActiveCfg = Release|Any CPU
		{B87BAFF7-38BB-4FE4-B392-C55B2C4DB2E6}.Release|Any CPU.Build.0 = Release|Any CPU
		{B87BAFF7-38BB-4FE4-B392-C55B2C4DB2E6}.Release|ARM.ActiveCfg = Release|Any CPU
		{B87BAFF7-38BB-4FE4-B392-C55B2C4DB2E6}.Release|ARM.Build.0 = Release|Any CPU
		{B87BAFF7-38BB-4FE4-B392-C55B2C4DB2E6}.Release|ARM64.ActiveCfg = Release|Any CPU
		{B87BAFF7-38BB-4FE4-B392-C55B2C4DB2E6}.Release|ARM64.Build.0 = Release|Any CPU
		{B87BAFF7-38BB-4FE4-B392-C55B2C4DB2E6}.Release|x64.ActiveCfg = Release|Any CPU
		{B87BAFF7-38BB-4FE4-B392-C55B2C4DB2E6}.Release|x64.Build.0 = Release|Any CPU
		{B87BAFF7-38BB-4FE4-B392-C55B2C4DB2E6}.Release|x86.ActiveCfg = Release|Any CPU
		{B87BAFF7-38BB-4FE4-B392-C55B2C4DB2E6}.Release|x86.Build.0 = Release|Any CPU
		{0E174728-701C-4FC7-BF31-5E9E60818714}.Debug|Any CPU.ActiveCfg = Debug|Any CPU
		{0E174728-701C-4FC7-BF31-5E9E60818714}.Debug|Any CPU.Build.0 = Debug|Any CPU
		{0E174728-701C-4FC7-BF31-5E9E60818714}.Debug|ARM.ActiveCfg = Debug|Any CPU
		{0E174728-701C-4FC7-BF31-5E9E60818714}.Debug|ARM.Build.0 = Debug|Any CPU
		{0E174728-701C-4FC7-BF31-5E9E60818714}.Debug|ARM64.ActiveCfg = Debug|Any CPU
		{0E174728-701C-4FC7-BF31-5E9E60818714}.Debug|ARM64.Build.0 = Debug|Any CPU
		{0E174728-701C-4FC7-BF31-5E9E60818714}.Debug|x64.ActiveCfg = Debug|Any CPU
		{0E174728-701C-4FC7-BF31-5E9E60818714}.Debug|x64.Build.0 = Debug|Any CPU
		{0E174728-701C-4FC7-BF31-5E9E60818714}.Debug|x86.ActiveCfg = Debug|Any CPU
		{0E174728-701C-4FC7-BF31-5E9E60818714}.Debug|x86.Build.0 = Debug|Any CPU
		{0E174728-701C-4FC7-BF31-5E9E60818714}.Release|Any CPU.ActiveCfg = Release|Any CPU
		{0E174728-701C-4FC7-BF31-5E9E60818714}.Release|Any CPU.Build.0 = Release|Any CPU
		{0E174728-701C-4FC7-BF31-5E9E60818714}.Release|ARM.ActiveCfg = Release|Any CPU
		{0E174728-701C-4FC7-BF31-5E9E60818714}.Release|ARM.Build.0 = Release|Any CPU
		{0E174728-701C-4FC7-BF31-5E9E60818714}.Release|ARM64.ActiveCfg = Release|Any CPU
		{0E174728-701C-4FC7-BF31-5E9E60818714}.Release|ARM64.Build.0 = Release|Any CPU
		{0E174728-701C-4FC7-BF31-5E9E60818714}.Release|x64.ActiveCfg = Release|Any CPU
		{0E174728-701C-4FC7-BF31-5E9E60818714}.Release|x64.Build.0 = Release|Any CPU
		{0E174728-701C-4FC7-BF31-5E9E60818714}.Release|x86.ActiveCfg = Release|Any CPU
		{0E174728-701C-4FC7-BF31-5E9E60818714}.Release|x86.Build.0 = Release|Any CPU
		{616BB47C-DED2-420F-9CD4-EE408694D064}.Debug|Any CPU.ActiveCfg = Debug|x64
		{616BB47C-DED2-420F-9CD4-EE408694D064}.Debug|Any CPU.Build.0 = Debug|x64
		{616BB47C-DED2-420F-9CD4-EE408694D064}.Debug|Any CPU.Deploy.0 = Debug|x64
		{616BB47C-DED2-420F-9CD4-EE408694D064}.Debug|ARM.ActiveCfg = Debug|x64
		{616BB47C-DED2-420F-9CD4-EE408694D064}.Debug|ARM.Build.0 = Debug|x64
		{616BB47C-DED2-420F-9CD4-EE408694D064}.Debug|ARM64.ActiveCfg = Debug|x64
		{616BB47C-DED2-420F-9CD4-EE408694D064}.Debug|ARM64.Build.0 = Debug|x64
		{616BB47C-DED2-420F-9CD4-EE408694D064}.Debug|x64.ActiveCfg = Debug|x64
		{616BB47C-DED2-420F-9CD4-EE408694D064}.Debug|x64.Build.0 = Debug|x64
		{616BB47C-DED2-420F-9CD4-EE408694D064}.Debug|x86.ActiveCfg = Debug|x64
		{616BB47C-DED2-420F-9CD4-EE408694D064}.Debug|x86.Build.0 = Debug|x64
		{616BB47C-DED2-420F-9CD4-EE408694D064}.Release|Any CPU.ActiveCfg = Release|x64
		{616BB47C-DED2-420F-9CD4-EE408694D064}.Release|Any CPU.Build.0 = Release|x64
		{616BB47C-DED2-420F-9CD4-EE408694D064}.Release|ARM.ActiveCfg = Release|x64
		{616BB47C-DED2-420F-9CD4-EE408694D064}.Release|ARM.Build.0 = Release|x64
		{616BB47C-DED2-420F-9CD4-EE408694D064}.Release|ARM64.ActiveCfg = Release|x64
		{616BB47C-DED2-420F-9CD4-EE408694D064}.Release|ARM64.Build.0 = Release|x64
		{616BB47C-DED2-420F-9CD4-EE408694D064}.Release|x64.ActiveCfg = Release|x64
		{616BB47C-DED2-420F-9CD4-EE408694D064}.Release|x64.Build.0 = Release|x64
		{616BB47C-DED2-420F-9CD4-EE408694D064}.Release|x86.ActiveCfg = Release|x64
		{616BB47C-DED2-420F-9CD4-EE408694D064}.Release|x86.Build.0 = Release|x64
	EndGlobalSection
	GlobalSection(SolutionProperties) = preSolution
		HideSolutionNode = FALSE
	EndGlobalSection
	GlobalSection(ExtensibilityGlobals) = postSolution
		SolutionGuid = {D3070B84-3D29-43F5-8C36-92ED5C720D1E}
	EndGlobalSection
EndGlobal
